// !$*UTF8*$!
{
	archiveVersion = 1;
	classes = {
	};
	objectVersion = 46;
	objects = {

/* Begin PBXBuildFile section */
		114543F6EF1FCA8C51FF8260 /* Pods_FaceMapUITests.framework in Frameworks */ = {isa = PBXBuildFile; fileRef = 318B39E7E41AD4FAE0804940 /* Pods_FaceMapUITests.framework */; };
		299F6BAC1D03981900FEB75A /* MPCChatConstants.swift in Sources */ = {isa = PBXBuildFile; fileRef = 299F6BA71D03981900FEB75A /* MPCChatConstants.swift */; };
		299F6BAD1D03981900FEB75A /* MPCChatTableViewCell.swift in Sources */ = {isa = PBXBuildFile; fileRef = 299F6BA81D03981900FEB75A /* MPCChatTableViewCell.swift */; };
		299F6BAE1D03981900FEB75A /* MPCChatViewController.swift in Sources */ = {isa = PBXBuildFile; fileRef = 299F6BA91D03981900FEB75A /* MPCChatViewController.swift */; };
		299F6BAF1D03981900FEB75A /* MPCManager.swift in Sources */ = {isa = PBXBuildFile; fileRef = 299F6BAA1D03981900FEB75A /* MPCManager.swift */; };
		299F6BB01D03981900FEB75A /* MPCViewController.swift in Sources */ = {isa = PBXBuildFile; fileRef = 299F6BAB1D03981900FEB75A /* MPCViewController.swift */; };
		437438172C1CA436584A5B62 /* Pods_FaceMapTests.framework in Frameworks */ = {isa = PBXBuildFile; fileRef = 19FEAA5AE8379BE787C3D751 /* Pods_FaceMapTests.framework */; };
		6E2347431D0750BA00ACEE73 /* ChatSession.swift in Sources */ = {isa = PBXBuildFile; fileRef = 6E2347421D0750BA00ACEE73 /* ChatSession.swift */; };
		6E744E9D1CC1CB24009D3F9C /* AppDelegate.swift in Sources */ = {isa = PBXBuildFile; fileRef = 6E744E9C1CC1CB24009D3F9C /* AppDelegate.swift */; };
		6E744E9F1CC1CB24009D3F9C /* ViewController.swift in Sources */ = {isa = PBXBuildFile; fileRef = 6E744E9E1CC1CB24009D3F9C /* ViewController.swift */; };
		6E744EA21CC1CB24009D3F9C /* Main.storyboard in Resources */ = {isa = PBXBuildFile; fileRef = 6E744EA01CC1CB24009D3F9C /* Main.storyboard */; };
		6E744EA51CC1CB24009D3F9C /* FaceMap.xcdatamodeld in Sources */ = {isa = PBXBuildFile; fileRef = 6E744EA31CC1CB24009D3F9C /* FaceMap.xcdatamodeld */; };
		6E744EA71CC1CB24009D3F9C /* Assets.xcassets in Resources */ = {isa = PBXBuildFile; fileRef = 6E744EA61CC1CB24009D3F9C /* Assets.xcassets */; };
		6E744EAA1CC1CB24009D3F9C /* LaunchScreen.storyboard in Resources */ = {isa = PBXBuildFile; fileRef = 6E744EA81CC1CB24009D3F9C /* LaunchScreen.storyboard */; };
		6E744EB51CC1CB24009D3F9C /* FaceMapTests.swift in Sources */ = {isa = PBXBuildFile; fileRef = 6E744EB41CC1CB24009D3F9C /* FaceMapTests.swift */; };
		6E744EC01CC1CB24009D3F9C /* FaceMapUITests.swift in Sources */ = {isa = PBXBuildFile; fileRef = 6E744EBF1CC1CB24009D3F9C /* FaceMapUITests.swift */; };
		B63BCC431CD960D0005BAE23 /* InterestPage-ViewController.swift in Sources */ = {isa = PBXBuildFile; fileRef = B63BCC421CD960D0005BAE23 /* InterestPage-ViewController.swift */; };
		B662EE6B1D02E1DE00E30F89 /* MapViewController.swift in Sources */ = {isa = PBXBuildFile; fileRef = B662EE6A1D02E1DE00E30F89 /* MapViewController.swift */; };
		B662EE6D1D02E33400E30F89 /* User.swift in Sources */ = {isa = PBXBuildFile; fileRef = B662EE6C1D02E33400E30F89 /* User.swift */; };
		B662EE6F1D02E45A00E30F89 /* NetworkSelection.swift in Sources */ = {isa = PBXBuildFile; fileRef = B662EE6E1D02E45A00E30F89 /* NetworkSelection.swift */; };
		B662EE711D02F24D00E30F89 /* ChatViewController.swift in Sources */ = {isa = PBXBuildFile; fileRef = B662EE701D02F24D00E30F89 /* ChatViewController.swift */; };
		B662EE731D02F77C00E30F89 /* VCMapView.swift in Sources */ = {isa = PBXBuildFile; fileRef = B662EE721D02F77C00E30F89 /* VCMapView.swift */; };
		B662EE751D03096600E30F89 /* MoodViewController.swift in Sources */ = {isa = PBXBuildFile; fileRef = B662EE741D03096600E30F89 /* MoodViewController.swift */; };
		B662EE771D036F4700E30F89 /* CoreLocation.framework in Frameworks */ = {isa = PBXBuildFile; fileRef = B662EE761D036F4700E30F89 /* CoreLocation.framework */; };
		B6B7B7F21CD2BAE0004B62BB /* RegisterPage-ViewController.swift in Sources */ = {isa = PBXBuildFile; fileRef = B6B7B7F11CD2BAE0004B62BB /* RegisterPage-ViewController.swift */; };
		B6B7B7F41CD56F07004B62BB /* Loginpage-ViewController.swift in Sources */ = {isa = PBXBuildFile; fileRef = B6B7B7F31CD56F07004B62BB /* Loginpage-ViewController.swift */; };
		EAB3A9817BC046ECD7FFD725 /* Pods_FaceMap.framework in Frameworks */ = {isa = PBXBuildFile; fileRef = D6610B6764A8C516DFBCE17D /* Pods_FaceMap.framework */; };
/* End PBXBuildFile section */

/* Begin PBXContainerItemProxy section */
		6E744EB11CC1CB24009D3F9C /* PBXContainerItemProxy */ = {
			isa = PBXContainerItemProxy;
			containerPortal = 6E744E911CC1CB24009D3F9C /* Project object */;
			proxyType = 1;
			remoteGlobalIDString = 6E744E981CC1CB24009D3F9C;
			remoteInfo = FaceMap;
		};
		6E744EBC1CC1CB24009D3F9C /* PBXContainerItemProxy */ = {
			isa = PBXContainerItemProxy;
			containerPortal = 6E744E911CC1CB24009D3F9C /* Project object */;
			proxyType = 1;
			remoteGlobalIDString = 6E744E981CC1CB24009D3F9C;
			remoteInfo = FaceMap;
		};
/* End PBXContainerItemProxy section */

/* Begin PBXFileReference section */
		08587BA280991754F61D8D55 /* Pods-FaceMapTests.debug.xcconfig */ = {isa = PBXFileReference; includeInIndex = 1; lastKnownFileType = text.xcconfig; name = "Pods-FaceMapTests.debug.xcconfig"; path = "Pods/Target Support Files/Pods-FaceMapTests/Pods-FaceMapTests.debug.xcconfig"; sourceTree = "<group>"; };
		19FEAA5AE8379BE787C3D751 /* Pods_FaceMapTests.framework */ = {isa = PBXFileReference; explicitFileType = wrapper.framework; includeInIndex = 0; path = Pods_FaceMapTests.framework; sourceTree = BUILT_PRODUCTS_DIR; };
		299F6BA71D03981900FEB75A /* MPCChatConstants.swift */ = {isa = PBXFileReference; fileEncoding = 4; lastKnownFileType = sourcecode.swift; path = MPCChatConstants.swift; sourceTree = "<group>"; };
		299F6BA81D03981900FEB75A /* MPCChatTableViewCell.swift */ = {isa = PBXFileReference; fileEncoding = 4; lastKnownFileType = sourcecode.swift; path = MPCChatTableViewCell.swift; sourceTree = "<group>"; };
		299F6BA91D03981900FEB75A /* MPCChatViewController.swift */ = {isa = PBXFileReference; fileEncoding = 4; lastKnownFileType = sourcecode.swift; path = MPCChatViewController.swift; sourceTree = "<group>"; };
		299F6BAA1D03981900FEB75A /* MPCManager.swift */ = {isa = PBXFileReference; fileEncoding = 4; lastKnownFileType = sourcecode.swift; path = MPCManager.swift; sourceTree = "<group>"; };
		299F6BAB1D03981900FEB75A /* MPCViewController.swift */ = {isa = PBXFileReference; fileEncoding = 4; lastKnownFileType = sourcecode.swift; path = MPCViewController.swift; sourceTree = "<group>"; };
		318B39E7E41AD4FAE0804940 /* Pods_FaceMapUITests.framework */ = {isa = PBXFileReference; explicitFileType = wrapper.framework; includeInIndex = 0; path = Pods_FaceMapUITests.framework; sourceTree = BUILT_PRODUCTS_DIR; };
		52E4845CBF05F8B6EDE77A61 /* Pods-FaceMap.release.xcconfig */ = {isa = PBXFileReference; includeInIndex = 1; lastKnownFileType = text.xcconfig; name = "Pods-FaceMap.release.xcconfig"; path = "Pods/Target Support Files/Pods-FaceMap/Pods-FaceMap.release.xcconfig"; sourceTree = "<group>"; };
		5452947C9517986B77E86399 /* Pods-FaceMapTests.release.xcconfig */ = {isa = PBXFileReference; includeInIndex = 1; lastKnownFileType = text.xcconfig; name = "Pods-FaceMapTests.release.xcconfig"; path = "Pods/Target Support Files/Pods-FaceMapTests/Pods-FaceMapTests.release.xcconfig"; sourceTree = "<group>"; };
		6E2347421D0750BA00ACEE73 /* ChatSession.swift */ = {isa = PBXFileReference; fileEncoding = 4; lastKnownFileType = sourcecode.swift; path = ChatSession.swift; sourceTree = "<group>"; };
		6E744E991CC1CB24009D3F9C /* FaceMap.app */ = {isa = PBXFileReference; explicitFileType = wrapper.application; includeInIndex = 0; path = FaceMap.app; sourceTree = BUILT_PRODUCTS_DIR; };
		6E744E9C1CC1CB24009D3F9C /* AppDelegate.swift */ = {isa = PBXFileReference; lastKnownFileType = sourcecode.swift; path = AppDelegate.swift; sourceTree = "<group>"; };
		6E744E9E1CC1CB24009D3F9C /* ViewController.swift */ = {isa = PBXFileReference; lastKnownFileType = sourcecode.swift; path = ViewController.swift; sourceTree = "<group>"; };
		6E744EA11CC1CB24009D3F9C /* Base */ = {isa = PBXFileReference; lastKnownFileType = file.storyboard; name = Base; path = Base.lproj/Main.storyboard; sourceTree = "<group>"; };
		6E744EA41CC1CB24009D3F9C /* FaceMap.xcdatamodel */ = {isa = PBXFileReference; lastKnownFileType = wrapper.xcdatamodel; path = FaceMap.xcdatamodel; sourceTree = "<group>"; };
		6E744EA61CC1CB24009D3F9C /* Assets.xcassets */ = {isa = PBXFileReference; lastKnownFileType = folder.assetcatalog; path = Assets.xcassets; sourceTree = "<group>"; };
		6E744EA91CC1CB24009D3F9C /* Base */ = {isa = PBXFileReference; lastKnownFileType = file.storyboard; name = Base; path = Base.lproj/LaunchScreen.storyboard; sourceTree = "<group>"; };
		6E744EAB1CC1CB24009D3F9C /* Info.plist */ = {isa = PBXFileReference; lastKnownFileType = text.plist.xml; path = Info.plist; sourceTree = "<group>"; };
		6E744EB01CC1CB24009D3F9C /* FaceMapTests.xctest */ = {isa = PBXFileReference; explicitFileType = wrapper.cfbundle; includeInIndex = 0; path = FaceMapTests.xctest; sourceTree = BUILT_PRODUCTS_DIR; };
		6E744EB41CC1CB24009D3F9C /* FaceMapTests.swift */ = {isa = PBXFileReference; lastKnownFileType = sourcecode.swift; path = FaceMapTests.swift; sourceTree = "<group>"; };
		6E744EB61CC1CB24009D3F9C /* Info.plist */ = {isa = PBXFileReference; lastKnownFileType = text.plist.xml; path = Info.plist; sourceTree = "<group>"; };
		6E744EBB1CC1CB24009D3F9C /* FaceMapUITests.xctest */ = {isa = PBXFileReference; explicitFileType = wrapper.cfbundle; includeInIndex = 0; path = FaceMapUITests.xctest; sourceTree = BUILT_PRODUCTS_DIR; };
		6E744EBF1CC1CB24009D3F9C /* FaceMapUITests.swift */ = {isa = PBXFileReference; lastKnownFileType = sourcecode.swift; path = FaceMapUITests.swift; sourceTree = "<group>"; };
		6E744EC11CC1CB24009D3F9C /* Info.plist */ = {isa = PBXFileReference; lastKnownFileType = text.plist.xml; path = Info.plist; sourceTree = "<group>"; };
		7A8BA528A5DBF6996E790481 /* Pods-FaceMapUITests.debug.xcconfig */ = {isa = PBXFileReference; includeInIndex = 1; lastKnownFileType = text.xcconfig; name = "Pods-FaceMapUITests.debug.xcconfig"; path = "Pods/Target Support Files/Pods-FaceMapUITests/Pods-FaceMapUITests.debug.xcconfig"; sourceTree = "<group>"; };
		B16CD363B6507EE421524379 /* Pods-FaceMapUITests.release.xcconfig */ = {isa = PBXFileReference; includeInIndex = 1; lastKnownFileType = text.xcconfig; name = "Pods-FaceMapUITests.release.xcconfig"; path = "Pods/Target Support Files/Pods-FaceMapUITests/Pods-FaceMapUITests.release.xcconfig"; sourceTree = "<group>"; };
		B63BCC421CD960D0005BAE23 /* InterestPage-ViewController.swift */ = {isa = PBXFileReference; fileEncoding = 4; lastKnownFileType = sourcecode.swift; path = "InterestPage-ViewController.swift"; sourceTree = "<group>"; };
		B662EE6A1D02E1DE00E30F89 /* MapViewController.swift */ = {isa = PBXFileReference; fileEncoding = 4; lastKnownFileType = sourcecode.swift; path = MapViewController.swift; sourceTree = "<group>"; };
		B662EE6C1D02E33400E30F89 /* User.swift */ = {isa = PBXFileReference; fileEncoding = 4; lastKnownFileType = sourcecode.swift; path = User.swift; sourceTree = "<group>"; };
		B662EE6E1D02E45A00E30F89 /* NetworkSelection.swift */ = {isa = PBXFileReference; fileEncoding = 4; lastKnownFileType = sourcecode.swift; path = NetworkSelection.swift; sourceTree = "<group>"; };
		B662EE701D02F24D00E30F89 /* ChatViewController.swift */ = {isa = PBXFileReference; fileEncoding = 4; lastKnownFileType = sourcecode.swift; path = ChatViewController.swift; sourceTree = "<group>"; };
		B662EE721D02F77C00E30F89 /* VCMapView.swift */ = {isa = PBXFileReference; fileEncoding = 4; lastKnownFileType = sourcecode.swift; path = VCMapView.swift; sourceTree = "<group>"; };
		B662EE741D03096600E30F89 /* MoodViewController.swift */ = {isa = PBXFileReference; fileEncoding = 4; lastKnownFileType = sourcecode.swift; path = MoodViewController.swift; sourceTree = "<group>"; };
		B662EE761D036F4700E30F89 /* CoreLocation.framework */ = {isa = PBXFileReference; lastKnownFileType = wrapper.framework; name = CoreLocation.framework; path = System/Library/Frameworks/CoreLocation.framework; sourceTree = SDKROOT; };
		B6B7B7F11CD2BAE0004B62BB /* RegisterPage-ViewController.swift */ = {isa = PBXFileReference; fileEncoding = 4; lastKnownFileType = sourcecode.swift; path = "RegisterPage-ViewController.swift"; sourceTree = "<group>"; };
		B6B7B7F31CD56F07004B62BB /* Loginpage-ViewController.swift */ = {isa = PBXFileReference; fileEncoding = 4; lastKnownFileType = sourcecode.swift; path = "Loginpage-ViewController.swift"; sourceTree = "<group>"; };
		CDA2684A60A6D3F22A3EF960 /* Pods-FaceMap.debug.xcconfig */ = {isa = PBXFileReference; includeInIndex = 1; lastKnownFileType = text.xcconfig; name = "Pods-FaceMap.debug.xcconfig"; path = "Pods/Target Support Files/Pods-FaceMap/Pods-FaceMap.debug.xcconfig"; sourceTree = "<group>"; };
		D6610B6764A8C516DFBCE17D /* Pods_FaceMap.framework */ = {isa = PBXFileReference; explicitFileType = wrapper.framework; includeInIndex = 0; path = Pods_FaceMap.framework; sourceTree = BUILT_PRODUCTS_DIR; };
/* End PBXFileReference section */

/* Begin PBXFrameworksBuildPhase section */
		6E744E961CC1CB24009D3F9C /* Frameworks */ = {
			isa = PBXFrameworksBuildPhase;
			buildActionMask = 2147483647;
			files = (
				B662EE771D036F4700E30F89 /* CoreLocation.framework in Frameworks */,
				EAB3A9817BC046ECD7FFD725 /* Pods_FaceMap.framework in Frameworks */,
			);
			runOnlyForDeploymentPostprocessing = 0;
		};
		6E744EAD1CC1CB24009D3F9C /* Frameworks */ = {
			isa = PBXFrameworksBuildPhase;
			buildActionMask = 2147483647;
			files = (
				437438172C1CA436584A5B62 /* Pods_FaceMapTests.framework in Frameworks */,
			);
			runOnlyForDeploymentPostprocessing = 0;
		};
		6E744EB81CC1CB24009D3F9C /* Frameworks */ = {
			isa = PBXFrameworksBuildPhase;
			buildActionMask = 2147483647;
			files = (
				114543F6EF1FCA8C51FF8260 /* Pods_FaceMapUITests.framework in Frameworks */,
			);
			runOnlyForDeploymentPostprocessing = 0;
		};
/* End PBXFrameworksBuildPhase section */

/* Begin PBXGroup section */
		6E744E901CC1CB24009D3F9C = {
			isa = PBXGroup;
			children = (
				6E744E9B1CC1CB24009D3F9C /* FaceMap */,
				6E744EB31CC1CB24009D3F9C /* FaceMapTests */,
				6E744EBE1CC1CB24009D3F9C /* FaceMapUITests */,
				6E744E9A1CC1CB24009D3F9C /* Products */,
				A6C9D8A8E0A2CCA07A3E3989 /* Pods */,
				B7B7C3BA2500A428C18FE8BC /* Frameworks */,
			);
			sourceTree = "<group>";
		};
		6E744E9A1CC1CB24009D3F9C /* Products */ = {
			isa = PBXGroup;
			children = (
				6E744E991CC1CB24009D3F9C /* FaceMap.app */,
				6E744EB01CC1CB24009D3F9C /* FaceMapTests.xctest */,
				6E744EBB1CC1CB24009D3F9C /* FaceMapUITests.xctest */,
			);
			name = Products;
			sourceTree = "<group>";
		};
		6E744E9B1CC1CB24009D3F9C /* FaceMap */ = {
			isa = PBXGroup;
			children = (
				299F6BA71D03981900FEB75A /* MPCChatConstants.swift */,
				299F6BA81D03981900FEB75A /* MPCChatTableViewCell.swift */,
				299F6BA91D03981900FEB75A /* MPCChatViewController.swift */,
				299F6BAA1D03981900FEB75A /* MPCManager.swift */,
				299F6BAB1D03981900FEB75A /* MPCViewController.swift */,
				B6B7B7F31CD56F07004B62BB /* Loginpage-ViewController.swift */,
				B662EE721D02F77C00E30F89 /* VCMapView.swift */,
				B662EE701D02F24D00E30F89 /* ChatViewController.swift */,
				B662EE6E1D02E45A00E30F89 /* NetworkSelection.swift */,
				B662EE6C1D02E33400E30F89 /* User.swift */,
				6E2347421D0750BA00ACEE73 /* ChatSession.swift */,
				B662EE6A1D02E1DE00E30F89 /* MapViewController.swift */,
				6E744E9C1CC1CB24009D3F9C /* AppDelegate.swift */,
				6E744E9E1CC1CB24009D3F9C /* ViewController.swift */,
				6E744EA01CC1CB24009D3F9C /* Main.storyboard */,
				6E744EA61CC1CB24009D3F9C /* Assets.xcassets */,
				6E744EA81CC1CB24009D3F9C /* LaunchScreen.storyboard */,
				6E744EAB1CC1CB24009D3F9C /* Info.plist */,
				6E744EA31CC1CB24009D3F9C /* FaceMap.xcdatamodeld */,
				B6B7B7F11CD2BAE0004B62BB /* RegisterPage-ViewController.swift */,
				B63BCC421CD960D0005BAE23 /* InterestPage-ViewController.swift */,
				B662EE741D03096600E30F89 /* MoodViewController.swift */,
			);
			path = FaceMap;
			sourceTree = "<group>";
		};
		6E744EB31CC1CB24009D3F9C /* FaceMapTests */ = {
			isa = PBXGroup;
			children = (
				6E744EB41CC1CB24009D3F9C /* FaceMapTests.swift */,
				6E744EB61CC1CB24009D3F9C /* Info.plist */,
			);
			path = FaceMapTests;
			sourceTree = "<group>";
		};
		6E744EBE1CC1CB24009D3F9C /* FaceMapUITests */ = {
			isa = PBXGroup;
			children = (
				6E744EBF1CC1CB24009D3F9C /* FaceMapUITests.swift */,
				6E744EC11CC1CB24009D3F9C /* Info.plist */,
			);
			path = FaceMapUITests;
			sourceTree = "<group>";
		};
		A6C9D8A8E0A2CCA07A3E3989 /* Pods */ = {
			isa = PBXGroup;
			children = (
				CDA2684A60A6D3F22A3EF960 /* Pods-FaceMap.debug.xcconfig */,
				52E4845CBF05F8B6EDE77A61 /* Pods-FaceMap.release.xcconfig */,
				08587BA280991754F61D8D55 /* Pods-FaceMapTests.debug.xcconfig */,
				5452947C9517986B77E86399 /* Pods-FaceMapTests.release.xcconfig */,
				7A8BA528A5DBF6996E790481 /* Pods-FaceMapUITests.debug.xcconfig */,
				B16CD363B6507EE421524379 /* Pods-FaceMapUITests.release.xcconfig */,
			);
			name = Pods;
			sourceTree = "<group>";
		};
		B7B7C3BA2500A428C18FE8BC /* Frameworks */ = {
			isa = PBXGroup;
			children = (
				B662EE761D036F4700E30F89 /* CoreLocation.framework */,
				D6610B6764A8C516DFBCE17D /* Pods_FaceMap.framework */,
				19FEAA5AE8379BE787C3D751 /* Pods_FaceMapTests.framework */,
				318B39E7E41AD4FAE0804940 /* Pods_FaceMapUITests.framework */,
			);
			name = Frameworks;
			sourceTree = "<group>";
		};
/* End PBXGroup section */

/* Begin PBXNativeTarget section */
		6E744E981CC1CB24009D3F9C /* FaceMap */ = {
			isa = PBXNativeTarget;
			buildConfigurationList = 6E744EC41CC1CB24009D3F9C /* Build configuration list for PBXNativeTarget "FaceMap" */;
			buildPhases = (
				2D08B1AEAFA62B3A11EF6490 /* 📦 Check Pods Manifest.lock */,
				6E744E951CC1CB24009D3F9C /* Sources */,
				6E744E961CC1CB24009D3F9C /* Frameworks */,
				6E744E971CC1CB24009D3F9C /* Resources */,
				6E3FAC23F8FBE6E31BE0BF02 /* 📦 Embed Pods Frameworks */,
				F2C6889B07134B192E4323F6 /* 📦 Copy Pods Resources */,
			);
			buildRules = (
			);
			dependencies = (
			);
			name = FaceMap;
			productName = FaceMap;
			productReference = 6E744E991CC1CB24009D3F9C /* FaceMap.app */;
			productType = "com.apple.product-type.application";
		};
		6E744EAF1CC1CB24009D3F9C /* FaceMapTests */ = {
			isa = PBXNativeTarget;
			buildConfigurationList = 6E744EC71CC1CB24009D3F9C /* Build configuration list for PBXNativeTarget "FaceMapTests" */;
			buildPhases = (
				6CF06A46256A5D3C53A9C096 /* 📦 Check Pods Manifest.lock */,
				6E744EAC1CC1CB24009D3F9C /* Sources */,
				6E744EAD1CC1CB24009D3F9C /* Frameworks */,
				6E744EAE1CC1CB24009D3F9C /* Resources */,
				71C424DFEA29CC87EB4884B1 /* 📦 Embed Pods Frameworks */,
				EE465F3FF2DF9BFC0A4D854F /* 📦 Copy Pods Resources */,
			);
			buildRules = (
			);
			dependencies = (
				6E744EB21CC1CB24009D3F9C /* PBXTargetDependency */,
			);
			name = FaceMapTests;
			productName = FaceMapTests;
			productReference = 6E744EB01CC1CB24009D3F9C /* FaceMapTests.xctest */;
			productType = "com.apple.product-type.bundle.unit-test";
		};
		6E744EBA1CC1CB24009D3F9C /* FaceMapUITests */ = {
			isa = PBXNativeTarget;
			buildConfigurationList = 6E744ECA1CC1CB24009D3F9C /* Build configuration list for PBXNativeTarget "FaceMapUITests" */;
			buildPhases = (
				06386DE3F791B3877036A9FC /* 📦 Check Pods Manifest.lock */,
				6E744EB71CC1CB24009D3F9C /* Sources */,
				6E744EB81CC1CB24009D3F9C /* Frameworks */,
				6E744EB91CC1CB24009D3F9C /* Resources */,
				AC44D1E433BAE92A1A94EA08 /* 📦 Copy Pods Resources */,
			);
			buildRules = (
			);
			dependencies = (
				6E744EBD1CC1CB24009D3F9C /* PBXTargetDependency */,
			);
			name = FaceMapUITests;
			productName = FaceMapUITests;
			productReference = 6E744EBB1CC1CB24009D3F9C /* FaceMapUITests.xctest */;
			productType = "com.apple.product-type.bundle.ui-testing";
		};
/* End PBXNativeTarget section */

/* Begin PBXProject section */
		6E744E911CC1CB24009D3F9C /* Project object */ = {
			isa = PBXProject;
			attributes = {
				LastSwiftUpdateCheck = 0730;
				LastUpgradeCheck = 0730;
				ORGANIZATIONNAME = Pablo;
				TargetAttributes = {
					6E744E981CC1CB24009D3F9C = {
						CreatedOnToolsVersion = 7.3;
						DevelopmentTeam = 48NDGQ5EY7;
					};
					6E744EAF1CC1CB24009D3F9C = {
						CreatedOnToolsVersion = 7.3;
						DevelopmentTeam = 48NDGQ5EY7;
						TestTargetID = 6E744E981CC1CB24009D3F9C;
					};
					6E744EBA1CC1CB24009D3F9C = {
						CreatedOnToolsVersion = 7.3;
						DevelopmentTeam = 48NDGQ5EY7;
						TestTargetID = 6E744E981CC1CB24009D3F9C;
					};
				};
			};
			buildConfigurationList = 6E744E941CC1CB24009D3F9C /* Build configuration list for PBXProject "FaceMap" */;
			compatibilityVersion = "Xcode 3.2";
			developmentRegion = English;
			hasScannedForEncodings = 0;
			knownRegions = (
				en,
				Base,
			);
			mainGroup = 6E744E901CC1CB24009D3F9C;
			productRefGroup = 6E744E9A1CC1CB24009D3F9C /* Products */;
			projectDirPath = "";
			projectRoot = "";
			targets = (
				6E744E981CC1CB24009D3F9C /* FaceMap */,
				6E744EAF1CC1CB24009D3F9C /* FaceMapTests */,
				6E744EBA1CC1CB24009D3F9C /* FaceMapUITests */,
			);
		};
/* End PBXProject section */

/* Begin PBXResourcesBuildPhase section */
		6E744E971CC1CB24009D3F9C /* Resources */ = {
			isa = PBXResourcesBuildPhase;
			buildActionMask = 2147483647;
			files = (
				6E744EAA1CC1CB24009D3F9C /* LaunchScreen.storyboard in Resources */,
				6E744EA71CC1CB24009D3F9C /* Assets.xcassets in Resources */,
				6E744EA21CC1CB24009D3F9C /* Main.storyboard in Resources */,
			);
			runOnlyForDeploymentPostprocessing = 0;
		};
		6E744EAE1CC1CB24009D3F9C /* Resources */ = {
			isa = PBXResourcesBuildPhase;
			buildActionMask = 2147483647;
			files = (
			);
			runOnlyForDeploymentPostprocessing = 0;
		};
		6E744EB91CC1CB24009D3F9C /* Resources */ = {
			isa = PBXResourcesBuildPhase;
			buildActionMask = 2147483647;
			files = (
			);
			runOnlyForDeploymentPostprocessing = 0;
		};
/* End PBXResourcesBuildPhase section */

/* Begin PBXShellScriptBuildPhase section */
		06386DE3F791B3877036A9FC /* 📦 Check Pods Manifest.lock */ = {
			isa = PBXShellScriptBuildPhase;
			buildActionMask = 2147483647;
			files = (
			);
			inputPaths = (
			);
			name = "📦 Check Pods Manifest.lock";
			outputPaths = (
			);
			runOnlyForDeploymentPostprocessing = 0;
			shellPath = /bin/sh;
			shellScript = "diff \"${PODS_ROOT}/../Podfile.lock\" \"${PODS_ROOT}/Manifest.lock\" > /dev/null\nif [[ $? != 0 ]] ; then\n    cat << EOM\nerror: The sandbox is not in sync with the Podfile.lock. Run 'pod install' or update your CocoaPods installation.\nEOM\n    exit 1\nfi\n";
			showEnvVarsInLog = 0;
		};
		2D08B1AEAFA62B3A11EF6490 /* 📦 Check Pods Manifest.lock */ = {
			isa = PBXShellScriptBuildPhase;
			buildActionMask = 2147483647;
			files = (
			);
			inputPaths = (
			);
			name = "📦 Check Pods Manifest.lock";
			outputPaths = (
			);
			runOnlyForDeploymentPostprocessing = 0;
			shellPath = /bin/sh;
			shellScript = "diff \"${PODS_ROOT}/../Podfile.lock\" \"${PODS_ROOT}/Manifest.lock\" > /dev/null\nif [[ $? != 0 ]] ; then\n    cat << EOM\nerror: The sandbox is not in sync with the Podfile.lock. Run 'pod install' or update your CocoaPods installation.\nEOM\n    exit 1\nfi\n";
			showEnvVarsInLog = 0;
		};
		6CF06A46256A5D3C53A9C096 /* 📦 Check Pods Manifest.lock */ = {
			isa = PBXShellScriptBuildPhase;
			buildActionMask = 2147483647;
			files = (
			);
			inputPaths = (
			);
			name = "📦 Check Pods Manifest.lock";
			outputPaths = (
			);
			runOnlyForDeploymentPostprocessing = 0;
			shellPath = /bin/sh;
			shellScript = "diff \"${PODS_ROOT}/../Podfile.lock\" \"${PODS_ROOT}/Manifest.lock\" > /dev/null\nif [[ $? != 0 ]] ; then\n    cat << EOM\nerror: The sandbox is not in sync with the Podfile.lock. Run 'pod install' or update your CocoaPods installation.\nEOM\n    exit 1\nfi\n";
			showEnvVarsInLog = 0;
		};
		6E3FAC23F8FBE6E31BE0BF02 /* 📦 Embed Pods Frameworks */ = {
			isa = PBXShellScriptBuildPhase;
			buildActionMask = 2147483647;
			files = (
			);
			inputPaths = (
			);
			name = "📦 Embed Pods Frameworks";
			outputPaths = (
			);
			runOnlyForDeploymentPostprocessing = 0;
			shellPath = /bin/sh;
			shellScript = "\"${SRCROOT}/Pods/Target Support Files/Pods-FaceMap/Pods-FaceMap-frameworks.sh\"\n";
			showEnvVarsInLog = 0;
		};
		71C424DFEA29CC87EB4884B1 /* 📦 Embed Pods Frameworks */ = {
			isa = PBXShellScriptBuildPhase;
			buildActionMask = 2147483647;
			files = (
			);
			inputPaths = (
			);
			name = "📦 Embed Pods Frameworks";
			outputPaths = (
			);
			runOnlyForDeploymentPostprocessing = 0;
			shellPath = /bin/sh;
			shellScript = "\"${SRCROOT}/Pods/Target Support Files/Pods-FaceMapTests/Pods-FaceMapTests-frameworks.sh\"\n";
			showEnvVarsInLog = 0;
		};
		AC44D1E433BAE92A1A94EA08 /* 📦 Copy Pods Resources */ = {
			isa = PBXShellScriptBuildPhase;
			buildActionMask = 2147483647;
			files = (
			);
			inputPaths = (
			);
			name = "📦 Copy Pods Resources";
			outputPaths = (
			);
			runOnlyForDeploymentPostprocessing = 0;
			shellPath = /bin/sh;
			shellScript = "\"${SRCROOT}/Pods/Target Support Files/Pods-FaceMapUITests/Pods-FaceMapUITests-resources.sh\"\n";
			showEnvVarsInLog = 0;
		};
		EE465F3FF2DF9BFC0A4D854F /* 📦 Copy Pods Resources */ = {
			isa = PBXShellScriptBuildPhase;
			buildActionMask = 2147483647;
			files = (
			);
			inputPaths = (
			);
			name = "📦 Copy Pods Resources";
			outputPaths = (
			);
			runOnlyForDeploymentPostprocessing = 0;
			shellPath = /bin/sh;
			shellScript = "\"${SRCROOT}/Pods/Target Support Files/Pods-FaceMapTests/Pods-FaceMapTests-resources.sh\"\n";
			showEnvVarsInLog = 0;
		};
		F2C6889B07134B192E4323F6 /* 📦 Copy Pods Resources */ = {
			isa = PBXShellScriptBuildPhase;
			buildActionMask = 2147483647;
			files = (
			);
			inputPaths = (
			);
			name = "📦 Copy Pods Resources";
			outputPaths = (
			);
			runOnlyForDeploymentPostprocessing = 0;
			shellPath = /bin/sh;
			shellScript = "\"${SRCROOT}/Pods/Target Support Files/Pods-FaceMap/Pods-FaceMap-resources.sh\"\n";
			showEnvVarsInLog = 0;
		};
/* End PBXShellScriptBuildPhase section */

/* Begin PBXSourcesBuildPhase section */
		6E744E951CC1CB24009D3F9C /* Sources */ = {
			isa = PBXSourcesBuildPhase;
			buildActionMask = 2147483647;
			files = (
				299F6BAC1D03981900FEB75A /* MPCChatConstants.swift in Sources */,
				B6B7B7F41CD56F07004B62BB /* Loginpage-ViewController.swift in Sources */,
				6E2347431D0750BA00ACEE73 /* ChatSession.swift in Sources */,
				299F6BB01D03981900FEB75A /* MPCViewController.swift in Sources */,
				B662EE6F1D02E45A00E30F89 /* NetworkSelection.swift in Sources */,
				B63BCC431CD960D0005BAE23 /* InterestPage-ViewController.swift in Sources */,
				6E744E9F1CC1CB24009D3F9C /* ViewController.swift in Sources */,
				B662EE731D02F77C00E30F89 /* VCMapView.swift in Sources */,
				299F6BAF1D03981900FEB75A /* MPCManager.swift in Sources */,
				299F6BAD1D03981900FEB75A /* MPCChatTableViewCell.swift in Sources */,
				299F6BAE1D03981900FEB75A /* MPCChatViewController.swift in Sources */,
				B662EE751D03096600E30F89 /* MoodViewController.swift in Sources */,
				6E744EA51CC1CB24009D3F9C /* FaceMap.xcdatamodeld in Sources */,
				B662EE6D1D02E33400E30F89 /* User.swift in Sources */,
				B6B7B7F21CD2BAE0004B62BB /* RegisterPage-ViewController.swift in Sources */,
				6E744E9D1CC1CB24009D3F9C /* AppDelegate.swift in Sources */,
				B662EE711D02F24D00E30F89 /* ChatViewController.swift in Sources */,
				B662EE6B1D02E1DE00E30F89 /* MapViewController.swift in Sources */,
			);
			runOnlyForDeploymentPostprocessing = 0;
		};
		6E744EAC1CC1CB24009D3F9C /* Sources */ = {
			isa = PBXSourcesBuildPhase;
			buildActionMask = 2147483647;
			files = (
				6E744EB51CC1CB24009D3F9C /* FaceMapTests.swift in Sources */,
			);
			runOnlyForDeploymentPostprocessing = 0;
		};
		6E744EB71CC1CB24009D3F9C /* Sources */ = {
			isa = PBXSourcesBuildPhase;
			buildActionMask = 2147483647;
			files = (
				6E744EC01CC1CB24009D3F9C /* FaceMapUITests.swift in Sources */,
			);
			runOnlyForDeploymentPostprocessing = 0;
		};
/* End PBXSourcesBuildPhase section */

/* Begin PBXTargetDependency section */
		6E744EB21CC1CB24009D3F9C /* PBXTargetDependency */ = {
			isa = PBXTargetDependency;
			target = 6E744E981CC1CB24009D3F9C /* FaceMap */;
			targetProxy = 6E744EB11CC1CB24009D3F9C /* PBXContainerItemProxy */;
		};
		6E744EBD1CC1CB24009D3F9C /* PBXTargetDependency */ = {
			isa = PBXTargetDependency;
			target = 6E744E981CC1CB24009D3F9C /* FaceMap */;
			targetProxy = 6E744EBC1CC1CB24009D3F9C /* PBXContainerItemProxy */;
		};
/* End PBXTargetDependency section */

/* Begin PBXVariantGroup section */
		6E744EA01CC1CB24009D3F9C /* Main.storyboard */ = {
			isa = PBXVariantGroup;
			children = (
				6E744EA11CC1CB24009D3F9C /* Base */,
			);
			name = Main.storyboard;
			sourceTree = "<group>";
		};
		6E744EA81CC1CB24009D3F9C /* LaunchScreen.storyboard */ = {
			isa = PBXVariantGroup;
			children = (
				6E744EA91CC1CB24009D3F9C /* Base */,
			);
			name = LaunchScreen.storyboard;
			sourceTree = "<group>";
		};
/* End PBXVariantGroup section */

/* Begin XCBuildConfiguration section */
		6E744EC21CC1CB24009D3F9C /* Debug */ = {
			isa = XCBuildConfiguration;
			buildSettings = {
				ALWAYS_SEARCH_USER_PATHS = NO;
				CLANG_ANALYZER_NONNULL = YES;
				CLANG_CXX_LANGUAGE_STANDARD = "gnu++0x";
				CLANG_CXX_LIBRARY = "libc++";
				CLANG_ENABLE_MODULES = YES;
				CLANG_ENABLE_OBJC_ARC = YES;
				CLANG_WARN_BOOL_CONVERSION = YES;
				CLANG_WARN_CONSTANT_CONVERSION = YES;
				CLANG_WARN_DIRECT_OBJC_ISA_USAGE = YES_ERROR;
				CLANG_WARN_EMPTY_BODY = YES;
				CLANG_WARN_ENUM_CONVERSION = YES;
				CLANG_WARN_INT_CONVERSION = YES;
				CLANG_WARN_OBJC_ROOT_CLASS = YES_ERROR;
				CLANG_WARN_UNREACHABLE_CODE = YES;
				CLANG_WARN__DUPLICATE_METHOD_MATCH = YES;
				"CODE_SIGN_IDENTITY[sdk=iphoneos*]" = "iPhone Developer";
				COPY_PHASE_STRIP = NO;
				DEBUG_INFORMATION_FORMAT = dwarf;
				ENABLE_STRICT_OBJC_MSGSEND = YES;
				ENABLE_TESTABILITY = YES;
				GCC_C_LANGUAGE_STANDARD = gnu99;
				GCC_DYNAMIC_NO_PIC = NO;
				GCC_NO_COMMON_BLOCKS = YES;
				GCC_OPTIMIZATION_LEVEL = 0;
				GCC_PREPROCESSOR_DEFINITIONS = (
					"DEBUG=1",
					"$(inherited)",
				);
				GCC_WARN_64_TO_32_BIT_CONVERSION = YES;
				GCC_WARN_ABOUT_RETURN_TYPE = YES_ERROR;
				GCC_WARN_UNDECLARED_SELECTOR = YES;
				GCC_WARN_UNINITIALIZED_AUTOS = YES_AGGRESSIVE;
				GCC_WARN_UNUSED_FUNCTION = YES;
				GCC_WARN_UNUSED_VARIABLE = YES;
				IPHONEOS_DEPLOYMENT_TARGET = 9.3;
				MTL_ENABLE_DEBUG_INFO = YES;
				ONLY_ACTIVE_ARCH = YES;
				SDKROOT = iphoneos;
				SWIFT_OPTIMIZATION_LEVEL = "-Onone";
				TARGETED_DEVICE_FAMILY = "1,2";
			};
			name = Debug;
		};
		6E744EC31CC1CB24009D3F9C /* Release */ = {
			isa = XCBuildConfiguration;
			buildSettings = {
				ALWAYS_SEARCH_USER_PATHS = NO;
				CLANG_ANALYZER_NONNULL = YES;
				CLANG_CXX_LANGUAGE_STANDARD = "gnu++0x";
				CLANG_CXX_LIBRARY = "libc++";
				CLANG_ENABLE_MODULES = YES;
				CLANG_ENABLE_OBJC_ARC = YES;
				CLANG_WARN_BOOL_CONVERSION = YES;
				CLANG_WARN_CONSTANT_CONVERSION = YES;
				CLANG_WARN_DIRECT_OBJC_ISA_USAGE = YES_ERROR;
				CLANG_WARN_EMPTY_BODY = YES;
				CLANG_WARN_ENUM_CONVERSION = YES;
				CLANG_WARN_INT_CONVERSION = YES;
				CLANG_WARN_OBJC_ROOT_CLASS = YES_ERROR;
				CLANG_WARN_UNREACHABLE_CODE = YES;
				CLANG_WARN__DUPLICATE_METHOD_MATCH = YES;
				"CODE_SIGN_IDENTITY[sdk=iphoneos*]" = "iPhone Developer";
				COPY_PHASE_STRIP = NO;
				DEBUG_INFORMATION_FORMAT = "dwarf-with-dsym";
				ENABLE_NS_ASSERTIONS = NO;
				ENABLE_STRICT_OBJC_MSGSEND = YES;
				GCC_C_LANGUAGE_STANDARD = gnu99;
				GCC_NO_COMMON_BLOCKS = YES;
				GCC_WARN_64_TO_32_BIT_CONVERSION = YES;
				GCC_WARN_ABOUT_RETURN_TYPE = YES_ERROR;
				GCC_WARN_UNDECLARED_SELECTOR = YES;
				GCC_WARN_UNINITIALIZED_AUTOS = YES_AGGRESSIVE;
				GCC_WARN_UNUSED_FUNCTION = YES;
				GCC_WARN_UNUSED_VARIABLE = YES;
				IPHONEOS_DEPLOYMENT_TARGET = 9.3;
				MTL_ENABLE_DEBUG_INFO = NO;
				SDKROOT = iphoneos;
				TARGETED_DEVICE_FAMILY = "1,2";
				VALIDATE_PRODUCT = YES;
			};
			name = Release;
		};
		6E744EC51CC1CB24009D3F9C /* Debug */ = {
			isa = XCBuildConfiguration;
			baseConfigurationReference = CDA2684A60A6D3F22A3EF960 /* Pods-FaceMap.debug.xcconfig */;
			buildSettings = {
				ASSETCATALOG_COMPILER_APPICON_NAME = AppIcon;
				CODE_SIGN_IDENTITY = "iPhone Developer";
				"CODE_SIGN_IDENTITY[sdk=iphoneos*]" = "iPhone Developer";
				INFOPLIST_FILE = FaceMap/Info.plist;
				LD_RUNPATH_SEARCH_PATHS = "$(inherited) @executable_path/Frameworks";
				PRODUCT_BUNDLE_IDENTIFIER = edu.ucsd.158b.volpe;
				PRODUCT_NAME = "$(TARGET_NAME)";
				PROVISIONING_PROFILE = "";
			};
			name = Debug;
		};
		6E744EC61CC1CB24009D3F9C /* Release */ = {
			isa = XCBuildConfiguration;
			baseConfigurationReference = 52E4845CBF05F8B6EDE77A61 /* Pods-FaceMap.release.xcconfig */;
			buildSettings = {
				ASSETCATALOG_COMPILER_APPICON_NAME = AppIcon;
				CODE_SIGN_IDENTITY = "iPhone Developer";
				"CODE_SIGN_IDENTITY[sdk=iphoneos*]" = "iPhone Developer";
				INFOPLIST_FILE = FaceMap/Info.plist;
				LD_RUNPATH_SEARCH_PATHS = "$(inherited) @executable_path/Frameworks";
				PRODUCT_BUNDLE_IDENTIFIER = edu.ucsd.158b.volpe;
				PRODUCT_NAME = "$(TARGET_NAME)";
				PROVISIONING_PROFILE = "";
			};
			name = Release;
		};
		6E744EC81CC1CB24009D3F9C /* Debug */ = {
			isa = XCBuildConfiguration;
			baseConfigurationReference = 08587BA280991754F61D8D55 /* Pods-FaceMapTests.debug.xcconfig */;
			buildSettings = {
				BUNDLE_LOADER = "$(TEST_HOST)";
				INFOPLIST_FILE = FaceMapTests/Info.plist;
				LD_RUNPATH_SEARCH_PATHS = "$(inherited) @executable_path/Frameworks @loader_path/Frameworks";
				PRODUCT_BUNDLE_IDENTIFIER = com.pablo.FaceMapTests;
				PRODUCT_NAME = "$(TARGET_NAME)";
				TEST_HOST = "$(BUILT_PRODUCTS_DIR)/FaceMap.app/FaceMap";
			};
			name = Debug;
		};
		6E744EC91CC1CB24009D3F9C /* Release */ = {
			isa = XCBuildConfiguration;
			baseConfigurationReference = 5452947C9517986B77E86399 /* Pods-FaceMapTests.release.xcconfig */;
			buildSettings = {
				BUNDLE_LOADER = "$(TEST_HOST)";
				INFOPLIST_FILE = FaceMapTests/Info.plist;
				LD_RUNPATH_SEARCH_PATHS = "$(inherited) @executable_path/Frameworks @loader_path/Frameworks";
				PRODUCT_BUNDLE_IDENTIFIER = com.pablo.FaceMapTests;
				PRODUCT_NAME = "$(TARGET_NAME)";
				TEST_HOST = "$(BUILT_PRODUCTS_DIR)/FaceMap.app/FaceMap";
			};
			name = Release;
		};
		6E744ECB1CC1CB24009D3F9C /* Debug */ = {
			isa = XCBuildConfiguration;
			baseConfigurationReference = 7A8BA528A5DBF6996E790481 /* Pods-FaceMapUITests.debug.xcconfig */;
			buildSettings = {
				INFOPLIST_FILE = FaceMapUITests/Info.plist;
				LD_RUNPATH_SEARCH_PATHS = "$(inherited) @executable_path/Frameworks @loader_path/Frameworks";
				PRODUCT_BUNDLE_IDENTIFIER = com.pablo.FaceMapUITests;
				PRODUCT_NAME = "$(TARGET_NAME)";
				TEST_TARGET_NAME = FaceMap;
			};
			name = Debug;
		};
		6E744ECC1CC1CB24009D3F9C /* Release */ = {
			isa = XCBuildConfiguration;
			baseConfigurationReference = B16CD363B6507EE421524379 /* Pods-FaceMapUITests.release.xcconfig */;
			buildSettings = {
				INFOPLIST_FILE = FaceMapUITests/Info.plist;
				LD_RUNPATH_SEARCH_PATHS = "$(inherited) @executable_path/Frameworks @loader_path/Frameworks";
				PRODUCT_BUNDLE_IDENTIFIER = com.pablo.FaceMapUITests;
				PRODUCT_NAME = "$(TARGET_NAME)";
				TEST_TARGET_NAME = FaceMap;
			};
			name = Release;
		};
/* End XCBuildConfiguration section */

/* Begin XCConfigurationList section */
		6E744E941CC1CB24009D3F9C /* Build configuration list for PBXProject "FaceMap" */ = {
			isa = XCConfigurationList;
			buildConfigurations = (
				6E744EC21CC1CB24009D3F9C /* Debug */,
				6E744EC31CC1CB24009D3F9C /* Release */,
			);
			defaultConfigurationIsVisible = 0;
			defaultConfigurationName = Release;
		};
		6E744EC41CC1CB24009D3F9C /* Build configuration list for PBXNativeTarget "FaceMap" */ = {
			isa = XCConfigurationList;
			buildConfigurations = (
				6E744EC51CC1CB24009D3F9C /* Debug */,
				6E744EC61CC1CB24009D3F9C /* Release */,
			);
			defaultConfigurationIsVisible = 0;
			defaultConfigurationName = Release;
		};
		6E744EC71CC1CB24009D3F9C /* Build configuration list for PBXNativeTarget "FaceMapTests" */ = {
			isa = XCConfigurationList;
			buildConfigurations = (
				6E744EC81CC1CB24009D3F9C /* Debug */,
				6E744EC91CC1CB24009D3F9C /* Release */,
			);
			defaultConfigurationIsVisible = 0;
			defaultConfigurationName = Release;
		};
		6E744ECA1CC1CB24009D3F9C /* Build configuration list for PBXNativeTarget "FaceMapUITests" */ = {
			isa = XCConfigurationList;
			buildConfigurations = (
				6E744ECB1CC1CB24009D3F9C /* Debug */,
				6E744ECC1CC1CB24009D3F9C /* Release */,
			);
			defaultConfigurationIsVisible = 0;
			defaultConfigurationName = Release;
		};
/* End XCConfigurationList section */

/* Begin XCVersionGroup section */
		6E744EA31CC1CB24009D3F9C /* FaceMap.xcdatamodeld */ = {
			isa = XCVersionGroup;
			children = (
				6E744EA41CC1CB24009D3F9C /* FaceMap.xcdatamodel */,
			);
			currentVersion = 6E744EA41CC1CB24009D3F9C /* FaceMap.xcdatamodel */;
			path = FaceMap.xcdatamodeld;
			sourceTree = "<group>";
			versionGroupType = wrapper.xcdatamodel;
		};
/* End XCVersionGroup section */
	};
	rootObject = 6E744E911CC1CB24009D3F9C /* Project object */;
}
