// !$*UTF8*$!
{
	archiveVersion = 1;
	classes = {
	};
	objectVersion = 46;
	objects = {

/* Begin PBXBuildFile section */
		6E744E9D1CC1CB24009D3F9C /* AppDelegate.swift in Sources */ = {isa = PBXBuildFile; fileRef = 6E744E9C1CC1CB24009D3F9C /* AppDelegate.swift */; };
		6E744E9F1CC1CB24009D3F9C /* ViewController.swift in Sources */ = {isa = PBXBuildFile; fileRef = 6E744E9E1CC1CB24009D3F9C /* ViewController.swift */; };
		6E744EA21CC1CB24009D3F9C /* Main.storyboard in Resources */ = {isa = PBXBuildFile; fileRef = 6E744EA01CC1CB24009D3F9C /* Main.storyboard */; };
		6E744EA51CC1CB24009D3F9C /* FaceMap.xcdatamodeld in Sources */ = {isa = PBXBuildFile; fileRef = 6E744EA31CC1CB24009D3F9C /* FaceMap.xcdatamodeld */; };
		6E744EA71CC1CB24009D3F9C /* Assets.xcassets in Resources */ = {isa = PBXBuildFile; fileRef = 6E744EA61CC1CB24009D3F9C /* Assets.xcassets */; };
		6E744EAA1CC1CB24009D3F9C /* LaunchScreen.storyboard in Resources */ = {isa = PBXBuildFile; fileRef = 6E744EA81CC1CB24009D3F9C /* LaunchScreen.storyboard */; };
		6E744EB51CC1CB24009D3F9C /* FaceMapTests.swift in Sources */ = {isa = PBXBuildFile; fileRef = 6E744EB41CC1CB24009D3F9C /* FaceMapTests.swift */; };
		6E744EC01CC1CB24009D3F9C /* FaceMapUITests.swift in Sources */ = {isa = PBXBuildFile; fileRef = 6E744EBF1CC1CB24009D3F9C /* FaceMapUITests.swift */; };
/* End PBXBuildFile section */

/* Begin PBXContainerItemProxy section */
		6E744EB11CC1CB24009D3F9C /* PBXContainerItemProxy */ = {
			isa = PBXContainerItemProxy;
			containerPortal = 6E744E911CC1CB24009D3F9C /* Project object */;
			proxyType = 1;
			remoteGlobalIDString = 6E744E981CC1CB24009D3F9C;
			remoteInfo = FaceMap;
		};
		6E744EBC1CC1CB24009D3F9C /* PBXContainerItemProxy */ = {
			isa = PBXContainerItemProxy;
			containerPortal = 6E744E911CC1CB24009D3F9C /* Project object */;
			proxyType = 1;
			remoteGlobalIDString = 6E744E981CC1CB24009D3F9C;
			remoteInfo = FaceMap;
		};
/* End PBXContainerItemProxy section */

/* Begin PBXFileReference section */
		6E744E991CC1CB24009D3F9C /* FaceMap.app */ = {isa = PBXFileReference; explicitFileType = wrapper.application; includeInIndex = 0; path = FaceMap.app; sourceTree = BUILT_PRODUCTS_DIR; };
		6E744E9C1CC1CB24009D3F9C /* AppDelegate.swift */ = {isa = PBXFileReference; lastKnownFileType = sourcecode.swift; path = AppDelegate.swift; sourceTree = "<group>"; };
		6E744E9E1CC1CB24009D3F9C /* ViewController.swift */ = {isa = PBXFileReference; lastKnownFileType = sourcecode.swift; path = ViewController.swift; sourceTree = "<group>"; };
		6E744EA11CC1CB24009D3F9C /* Base */ = {isa = PBXFileReference; lastKnownFileType = file.storyboard; name = Base; path = Base.lproj/Main.storyboard; sourceTree = "<group>"; };
		6E744EA41CC1CB24009D3F9C /* FaceMap.xcdatamodel */ = {isa = PBXFileReference; lastKnownFileType = wrapper.xcdatamodel; path = FaceMap.xcdatamodel; sourceTree = "<group>"; };
		6E744EA61CC1CB24009D3F9C /* Assets.xcassets */ = {isa = PBXFileReference; lastKnownFileType = folder.assetcatalog; path = Assets.xcassets; sourceTree = "<group>"; };
		6E744EA91CC1CB24009D3F9C /* Base */ = {isa = PBXFileReference; lastKnownFileType = file.storyboard; name = Base; path = Base.lproj/LaunchScreen.storyboard; sourceTree = "<group>"; };
		6E744EAB1CC1CB24009D3F9C /* Info.plist */ = {isa = PBXFileReference; lastKnownFileType = text.plist.xml; path = Info.plist; sourceTree = "<group>"; };
		6E744EB01CC1CB24009D3F9C /* FaceMapTests.xctest */ = {isa = PBXFileReference; explicitFileType = wrapper.cfbundle; includeInIndex = 0; path = FaceMapTests.xctest; sourceTree = BUILT_PRODUCTS_DIR; };
		6E744EB41CC1CB24009D3F9C /* FaceMapTests.swift */ = {isa = PBXFileReference; lastKnownFileType = sourcecode.swift; path = FaceMapTests.swift; sourceTree = "<group>"; };
		6E744EB61CC1CB24009D3F9C /* Info.plist */ = {isa = PBXFileReference; lastKnownFileType = text.plist.xml; path = Info.plist; sourceTree = "<group>"; };
		6E744EBB1CC1CB24009D3F9C /* FaceMapUITests.xctest */ = {isa = PBXFileReference; explicitFileType = wrapper.cfbundle; includeInIndex = 0; path = FaceMapUITests.xctest; sourceTree = BUILT_PRODUCTS_DIR; };
		6E744EBF1CC1CB24009D3F9C /* FaceMapUITests.swift */ = {isa = PBXFileReference; lastKnownFileType = sourcecode.swift; path = FaceMapUITests.swift; sourceTree = "<group>"; };
		6E744EC11CC1CB24009D3F9C /* Info.plist */ = {isa = PBXFileReference; lastKnownFileType = text.plist.xml; path = Info.plist; sourceTree = "<group>"; };
/* End PBXFileReference section */

/* Begin PBXFrameworksBuildPhase section */
		6E744E961CC1CB24009D3F9C /* Frameworks */ = {
			isa = PBXFrameworksBuildPhase;
			buildActionMask = 2147483647;
			files = (
			);
			runOnlyForDeploymentPostprocessing = 0;
		};
		6E744EAD1CC1CB24009D3F9C /* Frameworks */ = {
			isa = PBXFrameworksBuildPhase;
			buildActionMask = 2147483647;
			files = (
			);
			runOnlyForDeploymentPostprocessing = 0;
		};
		6E744EB81CC1CB24009D3F9C /* Frameworks */ = {
			isa = PBXFrameworksBuildPhase;
			buildActionMask = 2147483647;
			files = (
			);
			runOnlyForDeploymentPostprocessing = 0;
		};
/* End PBXFrameworksBuildPhase section */

/* Begin PBXGroup section */
		6E744E901CC1CB24009D3F9C = {
			isa = PBXGroup;
			children = (
				6E744E9B1CC1CB24009D3F9C /* FaceMap */,
				6E744EB31CC1CB24009D3F9C /* FaceMapTests */,
				6E744EBE1CC1CB24009D3F9C /* FaceMapUITests */,
				6E744E9A1CC1CB24009D3F9C /* Products */,
			);
			sourceTree = "<group>";
		};
		6E744E9A1CC1CB24009D3F9C /* Products */ = {
			isa = PBXGroup;
			children = (
				6E744E991CC1CB24009D3F9C /* FaceMap.app */,
				6E744EB01CC1CB24009D3F9C /* FaceMapTests.xctest */,
				6E744EBB1CC1CB24009D3F9C /* FaceMapUITests.xctest */,
			);
			name = Products;
			sourceTree = "<group>";
		};
		6E744E9B1CC1CB24009D3F9C /* FaceMap */ = {
			isa = PBXGroup;
			children = (
				6E744E9C1CC1CB24009D3F9C /* AppDelegate.swift */,
				6E744E9E1CC1CB24009D3F9C /* ViewController.swift */,
				6E744EA01CC1CB24009D3F9C /* Main.storyboard */,
				6E744EA61CC1CB24009D3F9C /* Assets.xcassets */,
				6E744EA81CC1CB24009D3F9C /* LaunchScreen.storyboard */,
				6E744EAB1CC1CB24009D3F9C /* Info.plist */,
				6E744EA31CC1CB24009D3F9C /* FaceMap.xcdatamodeld */,
			);
			path = FaceMap;
			sourceTree = "<group>";
		};
		6E744EB31CC1CB24009D3F9C /* FaceMapTests */ = {
			isa = PBXGroup;
			children = (
				6E744EB41CC1CB24009D3F9C /* FaceMapTests.swift */,
				6E744EB61CC1CB24009D3F9C /* Info.plist */,
			);
			path = FaceMapTests;
			sourceTree = "<group>";
		};
		6E744EBE1CC1CB24009D3F9C /* FaceMapUITests */ = {
			isa = PBXGroup;
			children = (
				6E744EBF1CC1CB24009D3F9C /* FaceMapUITests.swift */,
				6E744EC11CC1CB24009D3F9C /* Info.plist */,
			);
			path = FaceMapUITests;
			sourceTree = "<group>";
		};
/* End PBXGroup section */

/* Begin PBXNativeTarget section */
		6E744E981CC1CB24009D3F9C /* FaceMap */ = {
			isa = PBXNativeTarget;
			buildConfigurationList = 6E744EC41CC1CB24009D3F9C /* Build configuration list for PBXNativeTarget "FaceMap" */;
			buildPhases = (
				6E744E951CC1CB24009D3F9C /* Sources */,
				6E744E961CC1CB24009D3F9C /* Frameworks */,
				6E744E971CC1CB24009D3F9C /* Resources */,
			);
			buildRules = (
			);
			dependencies = (
			);
			name = FaceMap;
			productName = FaceMap;
			productReference = 6E744E991CC1CB24009D3F9C /* FaceMap.app */;
			productType = "com.apple.product-type.application";
		};
		6E744EAF1CC1CB24009D3F9C /* FaceMapTests */ = {
			isa = PBXNativeTarget;
			buildConfigurationList = 6E744EC71CC1CB24009D3F9C /* Build configuration list for PBXNativeTarget "FaceMapTests" */;
			buildPhases = (
				6E744EAC1CC1CB24009D3F9C /* Sources */,
				6E744EAD1CC1CB24009D3F9C /* Frameworks */,
				6E744EAE1CC1CB24009D3F9C /* Resources */,
			);
			buildRules = (
			);
			dependencies = (
				6E744EB21CC1CB24009D3F9C /* PBXTargetDependency */,
			);
			name = FaceMapTests;
			productName = FaceMapTests;
			productReference = 6E744EB01CC1CB24009D3F9C /* FaceMapTests.xctest */;
			productType = "com.apple.product-type.bundle.unit-test";
		};
		6E744EBA1CC1CB24009D3F9C /* FaceMapUITests */ = {
			isa = PBXNativeTarget;
			buildConfigurationList = 6E744ECA1CC1CB24009D3F9C /* Build configuration list for PBXNativeTarget "FaceMapUITests" */;
			buildPhases = (
				6E744EB71CC1CB24009D3F9C /* Sources */,
				6E744EB81CC1CB24009D3F9C /* Frameworks */,
				6E744EB91CC1CB24009D3F9C /* Resources */,
			);
			buildRules = (
			);
			dependencies = (
				6E744EBD1CC1CB24009D3F9C /* PBXTargetDependency */,
			);
			name = FaceMapUITests;
			productName = FaceMapUITests;
			productReference = 6E744EBB1CC1CB24009D3F9C /* FaceMapUITests.xctest */;
			productType = "com.apple.product-type.bundle.ui-testing";
		};
/* End PBXNativeTarget section */

/* Begin PBXProject section */
		6E744E911CC1CB24009D3F9C /* Project object */ = {
			isa = PBXProject;
			attributes = {
				LastSwiftUpdateCheck = 0730;
				LastUpgradeCheck = 0730;
				ORGANIZATIONNAME = Pablo;
				TargetAttributes = {
					6E744E981CC1CB24009D3F9C = {
						CreatedOnToolsVersion = 7.3;
						DevelopmentTeam = 48NDGQ5EY7;
					};
					6E744EAF1CC1CB24009D3F9C = {
						CreatedOnToolsVersion = 7.3;
						DevelopmentTeam = 48NDGQ5EY7;
						TestTargetID = 6E744E981CC1CB24009D3F9C;
					};
					6E744EBA1CC1CB24009D3F9C = {
						CreatedOnToolsVersion = 7.3;
						DevelopmentTeam = 48NDGQ5EY7;
						TestTargetID = 6E744E981CC1CB24009D3F9C;
					};
				};
			};
			buildConfigurationList = 6E744E941CC1CB24009D3F9C /* Build configuration list for PBXProject "FaceMap" */;
			compatibilityVersion = "Xcode 3.2";
			developmentRegion = English;
			hasScannedForEncodings = 0;
			knownRegions = (
				en,
				Base,
			);
			mainGroup = 6E744E901CC1CB24009D3F9C;
			productRefGroup = 6E744E9A1CC1CB24009D3F9C /* Products */;
			projectDirPath = "";
			projectRoot = "";
			targets = (
				6E744E981CC1CB24009D3F9C /* FaceMap */,
				6E744EAF1CC1CB24009D3F9C /* FaceMapTests */,
				6E744EBA1CC1CB24009D3F9C /* FaceMapUITests */,
			);
		};
/* End PBXProject section */

/* Begin PBXResourcesBuildPhase section */
		6E744E971CC1CB24009D3F9C /* Resources */ = {
			isa = PBXResourcesBuildPhase;
			buildActionMask = 2147483647;
			files = (
				6E744EAA1CC1CB24009D3F9C /* LaunchScreen.storyboard in Resources */,
				6E744EA71CC1CB24009D3F9C /* Assets.xcassets in Resources */,
				6E744EA21CC1CB24009D3F9C /* Main.storyboard in Resources */,
			);
			runOnlyForDeploymentPostprocessing = 0;
		};
		6E744EAE1CC1CB24009D3F9C /* Resources */ = {
			isa = PBXResourcesBuildPhase;
			buildActionMask = 2147483647;
			files = (
			);
			runOnlyForDeploymentPostprocessing = 0;
		};
		6E744EB91CC1CB24009D3F9C /* Resources */ = {
			isa = PBXResourcesBuildPhase;
			buildActionMask = 2147483647;
			files = (
			);
			runOnlyForDeploymentPostprocessing = 0;
		};
/* End PBXResourcesBuildPhase section */

/* Begin PBXSourcesBuildPhase section */
		6E744E951CC1CB24009D3F9C /* Sources */ = {
			isa = PBXSourcesBuildPhase;
			buildActionMask = 2147483647;
			files = (
				6E744E9F1CC1CB24009D3F9C /* ViewController.swift in Sources */,
				6E744EA51CC1CB24009D3F9C /* FaceMap.xcdatamodeld in Sources */,
				6E744E9D1CC1CB24009D3F9C /* AppDelegate.swift in Sources */,
			);
			runOnlyForDeploymentPostprocessing = 0;
		};
		6E744EAC1CC1CB24009D3F9C /* Sources */ = {
			isa = PBXSourcesBuildPhase;
			buildActionMask = 2147483647;
			files = (
				6E744EB51CC1CB24009D3F9C /* FaceMapTests.swift in Sources */,
			);
			runOnlyForDeploymentPostprocessing = 0;
		};
		6E744EB71CC1CB24009D3F9C /* Sources */ = {
			isa = PBXSourcesBuildPhase;
			buildActionMask = 2147483647;
			files = (
				6E744EC01CC1CB24009D3F9C /* FaceMapUITests.swift in Sources */,
			);
			runOnlyForDeploymentPostprocessing = 0;
		};
/* End PBXSourcesBuildPhase section */

/* Begin PBXTargetDependency section */
		6E744EB21CC1CB24009D3F9C /* PBXTargetDependency */ = {
			isa = PBXTargetDependency;
			target = 6E744E981CC1CB24009D3F9C /* FaceMap */;
			targetProxy = 6E744EB11CC1CB24009D3F9C /* PBXContainerItemProxy */;
		};
		6E744EBD1CC1CB24009D3F9C /* PBXTargetDependency */ = {
			isa = PBXTargetDependency;
			target = 6E744E981CC1CB24009D3F9C /* FaceMap */;
			targetProxy = 6E744EBC1CC1CB24009D3F9C /* PBXContainerItemProxy */;
		};
/* End PBXTargetDependency section */

/* Begin PBXVariantGroup section */
		6E744EA01CC1CB24009D3F9C /* Main.storyboard */ = {
			isa = PBXVariantGroup;
			children = (
				6E744EA11CC1CB24009D3F9C /* Base */,
			);
			name = Main.storyboard;
			sourceTree = "<group>";
		};
		6E744EA81CC1CB24009D3F9C /* LaunchScreen.storyboard */ = {
			isa = PBXVariantGroup;
			children = (
				6E744EA91CC1CB24009D3F9C /* Base */,
			);
			name = LaunchScreen.storyboard;
			sourceTree = "<group>";
		};
/* End PBXVariantGroup section */

/* Begin XCBuildConfiguration section */
		6E744EC21CC1CB24009D3F9C /* Debug */ = {
			isa = XCBuildConfiguration;
			buildSettings = {
				ALWAYS_SEARCH_USER_PATHS = NO;
				CLANG_ANALYZER_NONNULL = YES;
				CLANG_CXX_LANGUAGE_STANDARD = "gnu++0x";
				CLANG_CXX_LIBRARY = "libc++";
				CLANG_ENABLE_MODULES = YES;
				CLANG_ENABLE_OBJC_ARC = YES;
				CLANG_WARN_BOOL_CONVERSION = YES;
				CLANG_WARN_CONSTANT_CONVERSION = YES;
				CLANG_WARN_DIRECT_OBJC_ISA_USAGE = YES_ERROR;
				CLANG_WARN_EMPTY_BODY = YES;
				CLANG_WARN_ENUM_CONVERSION = YES;
				CLANG_WARN_INT_CONVERSION = YES;
				CLANG_WARN_OBJC_ROOT_CLASS = YES_ERROR;
				CLANG_WARN_UNREACHABLE_CODE = YES;
				CLANG_WARN__DUPLICATE_METHOD_MATCH = YES;
				"CODE_SIGN_IDENTITY[sdk=iphoneos*]" = "iPhone Developer";
				COPY_PHASE_STRIP = NO;
				DEBUG_INFORMATION_FORMAT = dwarf;
				ENABLE_STRICT_OBJC_MSGSEND = YES;
				ENABLE_TESTABILITY = YES;
				GCC_C_LANGUAGE_STANDARD = gnu99;
				GCC_DYNAMIC_NO_PIC = NO;
				GCC_NO_COMMON_BLOCKS = YES;
				GCC_OPTIMIZATION_LEVEL = 0;
				GCC_PREPROCESSOR_DEFINITIONS = (
					"DEBUG=1",
					"$(inherited)",
				);
				GCC_WARN_64_TO_32_BIT_CONVERSION = YES;
				GCC_WARN_ABOUT_RETURN_TYPE = YES_ERROR;
				GCC_WARN_UNDECLARED_SELECTOR = YES;
				GCC_WARN_UNINITIALIZED_AUTOS = YES_AGGRESSIVE;
				GCC_WARN_UNUSED_FUNCTION = YES;
				GCC_WARN_UNUSED_VARIABLE = YES;
				IPHONEOS_DEPLOYMENT_TARGET = 9.3;
				MTL_ENABLE_DEBUG_INFO = YES;
				ONLY_ACTIVE_ARCH = YES;
				SDKROOT = iphoneos;
				SWIFT_OPTIMIZATION_LEVEL = "-Onone";
				TARGETED_DEVICE_FAMILY = "1,2";
			};
			name = Debug;
		};
		6E744EC31CC1CB24009D3F9C /* Release */ = {
			isa = XCBuildConfiguration;
			buildSettings = {
				ALWAYS_SEARCH_USER_PATHS = NO;
				CLANG_ANALYZER_NONNULL = YES;
				CLANG_CXX_LANGUAGE_STANDARD = "gnu++0x";
				CLANG_CXX_LIBRARY = "libc++";
				CLANG_ENABLE_MODULES = YES;
				CLANG_ENABLE_OBJC_ARC = YES;
				CLANG_WARN_BOOL_CONVERSION = YES;
				CLANG_WARN_CONSTANT_CONVERSION = YES;
				CLANG_WARN_DIRECT_OBJC_ISA_USAGE = YES_ERROR;
				CLANG_WARN_EMPTY_BODY = YES;
				CLANG_WARN_ENUM_CONVERSION = YES;
				CLANG_WARN_INT_CONVERSION = YES;
				CLANG_WARN_OBJC_ROOT_CLASS = YES_ERROR;
				CLANG_WARN_UNREACHABLE_CODE = YES;
				CLANG_WARN__DUPLICATE_METHOD_MATCH = YES;
				"CODE_SIGN_IDENTITY[sdk=iphoneos*]" = "iPhone Developer";
				COPY_PHASE_STRIP = NO;
				DEBUG_INFORMATION_FORMAT = "dwarf-with-dsym";
				ENABLE_NS_ASSERTIONS = NO;
				ENABLE_STRICT_OBJC_MSGSEND = YES;
				GCC_C_LANGUAGE_STANDARD = gnu99;
				GCC_NO_COMMON_BLOCKS = YES;
				GCC_WARN_64_TO_32_BIT_CONVERSION = YES;
				GCC_WARN_ABOUT_RETURN_TYPE = YES_ERROR;
				GCC_WARN_UNDECLARED_SELECTOR = YES;
				GCC_WARN_UNINITIALIZED_AUTOS = YES_AGGRESSIVE;
				GCC_WARN_UNUSED_FUNCTION = YES;
				GCC_WARN_UNUSED_VARIABLE = YES;
				IPHONEOS_DEPLOYMENT_TARGET = 9.3;
				MTL_ENABLE_DEBUG_INFO = NO;
				SDKROOT = iphoneos;
				TARGETED_DEVICE_FAMILY = "1,2";
				VALIDATE_PRODUCT = YES;
			};
			name = Release;
		};
		6E744EC51CC1CB24009D3F9C /* Debug */ = {
			isa = XCBuildConfiguration;
			buildSettings = {
				ASSETCATALOG_COMPILER_APPICON_NAME = AppIcon;
				INFOPLIST_FILE = FaceMap/Info.plist;
				LD_RUNPATH_SEARCH_PATHS = "$(inherited) @executable_path/Frameworks";
				PRODUCT_BUNDLE_IDENTIFIER = com.pablo.FaceMap;
				PRODUCT_NAME = "$(TARGET_NAME)";
			};
			name = Debug;
		};
		6E744EC61CC1CB24009D3F9C /* Release */ = {
			isa = XCBuildConfiguration;
			buildSettings = {
				ASSETCATALOG_COMPILER_APPICON_NAME = AppIcon;
				INFOPLIST_FILE = FaceMap/Info.plist;
				LD_RUNPATH_SEARCH_PATHS = "$(inherited) @executable_path/Frameworks";
				PRODUCT_BUNDLE_IDENTIFIER = com.pablo.FaceMap;
				PRODUCT_NAME = "$(TARGET_NAME)";
			};
			name = Release;
		};
		6E744EC81CC1CB24009D3F9C /* Debug */ = {
			isa = XCBuildConfiguration;
			buildSettings = {
				BUNDLE_LOADER = "$(TEST_HOST)";
				INFOPLIST_FILE = FaceMapTests/Info.plist;
				LD_RUNPATH_SEARCH_PATHS = "$(inherited) @executable_path/Frameworks @loader_path/Frameworks";
				PRODUCT_BUNDLE_IDENTIFIER = com.pablo.FaceMapTests;
				PRODUCT_NAME = "$(TARGET_NAME)";
				TEST_HOST = "$(BUILT_PRODUCTS_DIR)/FaceMap.app/FaceMap";
			};
			name = Debug;
		};
		6E744EC91CC1CB24009D3F9C /* Release */ = {
			isa = XCBuildConfiguration;
			buildSettings = {
				BUNDLE_LOADER = "$(TEST_HOST)";
				INFOPLIST_FILE = FaceMapTests/Info.plist;
				LD_RUNPATH_SEARCH_PATHS = "$(inherited) @executable_path/Frameworks @loader_path/Frameworks";
				PRODUCT_BUNDLE_IDENTIFIER = com.pablo.FaceMapTests;
				PRODUCT_NAME = "$(TARGET_NAME)";
				TEST_HOST = "$(BUILT_PRODUCTS_DIR)/FaceMap.app/FaceMap";
			};
			name = Release;
		};
		6E744ECB1CC1CB24009D3F9C /* Debug */ = {
			isa = XCBuildConfiguration;
			buildSettings = {
				INFOPLIST_FILE = FaceMapUITests/Info.plist;
				LD_RUNPATH_SEARCH_PATHS = "$(inherited) @executable_path/Frameworks @loader_path/Frameworks";
				PRODUCT_BUNDLE_IDENTIFIER = com.pablo.FaceMapUITests;
				PRODUCT_NAME = "$(TARGET_NAME)";
				TEST_TARGET_NAME = FaceMap;
			};
			name = Debug;
		};
		6E744ECC1CC1CB24009D3F9C /* Release */ = {
			isa = XCBuildConfiguration;
			buildSettings = {
				INFOPLIST_FILE = FaceMapUITests/Info.plist;
				LD_RUNPATH_SEARCH_PATHS = "$(inherited) @executable_path/Frameworks @loader_path/Frameworks";
				PRODUCT_BUNDLE_IDENTIFIER = com.pablo.FaceMapUITests;
				PRODUCT_NAME = "$(TARGET_NAME)";
				TEST_TARGET_NAME = FaceMap;
			};
			name = Release;
		};
/* End XCBuildConfiguration section */

/* Begin XCConfigurationList section */
		6E744E941CC1CB24009D3F9C /* Build configuration list for PBXProject "FaceMap" */ = {
			isa = XCConfigurationList;
			buildConfigurations = (
				6E744EC21CC1CB24009D3F9C /* Debug */,
				6E744EC31CC1CB24009D3F9C /* Release */,
			);
			defaultConfigurationIsVisible = 0;
			defaultConfigurationName = Release;
		};
		6E744EC41CC1CB24009D3F9C /* Build configuration list for PBXNativeTarget "FaceMap" */ = {
			isa = XCConfigurationList;
			buildConfigurations = (
				6E744EC51CC1CB24009D3F9C /* Debug */,
				6E744EC61CC1CB24009D3F9C /* Release */,
			);
			defaultConfigurationIsVisible = 0;
		};
		6E744EC71CC1CB24009D3F9C /* Build configuration list for PBXNativeTarget "FaceMapTests" */ = {
			isa = XCConfigurationList;
			buildConfigurations = (
				6E744EC81CC1CB24009D3F9C /* Debug */,
				6E744EC91CC1CB24009D3F9C /* Release */,
			);
			defaultConfigurationIsVisible = 0;
		};
		6E744ECA1CC1CB24009D3F9C /* Build configuration list for PBXNativeTarget "FaceMapUITests" */ = {
			isa = XCConfigurationList;
			buildConfigurations = (
				6E744ECB1CC1CB24009D3F9C /* Debug */,
				6E744ECC1CC1CB24009D3F9C /* Release */,
			);
			defaultConfigurationIsVisible = 0;
		};
/* End XCConfigurationList section */

/* Begin XCVersionGroup section */
		6E744EA31CC1CB24009D3F9C /* FaceMap.xcdatamodeld */ = {
			isa = XCVersionGroup;
			children = (
				6E744EA41CC1CB24009D3F9C /* FaceMap.xcdatamodel */,
			);
			currentVersion = 6E744EA41CC1CB24009D3F9C /* FaceMap.xcdatamodel */;
			path = FaceMap.xcdatamodeld;
			sourceTree = "<group>";
			versionGroupType = wrapper.xcdatamodel;
		};
/* End XCVersionGroup section */
	};
	rootObject = 6E744E911CC1CB24009D3F9C /* Project object */;
}
